// !$*UTF8*$!
{
	archiveVersion = 1;
	classes = {
	};
	objectVersion = 46;
	objects = {

/* Begin PBXBuildFile section */
		2AA41BE71C57462F00B1BF69 /* main.m in Sources */ = {isa = PBXBuildFile; fileRef = 2AA41BE61C57462F00B1BF69 /* main.m */; };
		2AA41BEA1C57462F00B1BF69 /* AppDelegate.m in Sources */ = {isa = PBXBuildFile; fileRef = 2AA41BE91C57462F00B1BF69 /* AppDelegate.m */; };
		2AA41BED1C57462F00B1BF69 /* ViewController.m in Sources */ = {isa = PBXBuildFile; fileRef = 2AA41BEC1C57462F00B1BF69 /* ViewController.m */; };
		2AA41BF01C57462F00B1BF69 /* Main.storyboard in Resources */ = {isa = PBXBuildFile; fileRef = 2AA41BEE1C57462F00B1BF69 /* Main.storyboard */; };
		2AA41BF21C57462F00B1BF69 /* Assets.xcassets in Resources */ = {isa = PBXBuildFile; fileRef = 2AA41BF11C57462F00B1BF69 /* Assets.xcassets */; };
		2AA41BF51C57462F00B1BF69 /* LaunchScreen.storyboard in Resources */ = {isa = PBXBuildFile; fileRef = 2AA41BF31C57462F00B1BF69 /* LaunchScreen.storyboard */; };
		2AA41C001C57462F00B1BF69 /* ____Tests.m in Sources */ = {isa = PBXBuildFile; fileRef = 2AA41BFF1C57462F00B1BF69 /* ____Tests.m */; };
		2AA41C0B1C57462F00B1BF69 /* ____UITests.m in Sources */ = {isa = PBXBuildFile; fileRef = 2AA41C0A1C57462F00B1BF69 /* ____UITests.m */; };
		2AA41C1A1C574A3100B1BF69 /* CellDetailViewController.m in Sources */ = {isa = PBXBuildFile; fileRef = 2AA41C191C574A3100B1BF69 /* CellDetailViewController.m */; };
		2AA41C1C1C575C0300B1BF69 /* WebKit.framework in Frameworks */ = {isa = PBXBuildFile; fileRef = 2AA41C1B1C575C0300B1BF69 /* WebKit.framework */; };
		2AA41C1F1C585A1700B1BF69 /* MyTableViewCell.m in Sources */ = {isa = PBXBuildFile; fileRef = 2AA41C1E1C585A1700B1BF69 /* MyTableViewCell.m */; };
		2AA41C251C586EF200B1BF69 /* logo 2.png in Resources */ = {isa = PBXBuildFile; fileRef = 2AA41C241C586EF200B1BF69 /* logo 2.png */; };
/* End PBXBuildFile section */

/* Begin PBXContainerItemProxy section */
		2AA41BFC1C57462F00B1BF69 /* PBXContainerItemProxy */ = {
			isa = PBXContainerItemProxy;
			containerPortal = 2AA41BDA1C57462F00B1BF69 /* Project object */;
			proxyType = 1;
			remoteGlobalIDString = 2AA41BE11C57462F00B1BF69;
			remoteInfo = "微信精选";
		};
		2AA41C071C57462F00B1BF69 /* PBXContainerItemProxy */ = {
			isa = PBXContainerItemProxy;
			containerPortal = 2AA41BDA1C57462F00B1BF69 /* Project object */;
			proxyType = 1;
			remoteGlobalIDString = 2AA41BE11C57462F00B1BF69;
			remoteInfo = "微信精选";
		};
/* End PBXContainerItemProxy section */

/* Begin PBXFileReference section */
		2AA41BE21C57462F00B1BF69 /* 微信精选.app */ = {isa = PBXFileReference; explicitFileType = wrapper.application; includeInIndex = 0; path = "微信精选.app"; sourceTree = BUILT_PRODUCTS_DIR; };
		2AA41BE61C57462F00B1BF69 /* main.m */ = {isa = PBXFileReference; lastKnownFileType = sourcecode.c.objc; path = main.m; sourceTree = "<group>"; };
		2AA41BE81C57462F00B1BF69 /* AppDelegate.h */ = {isa = PBXFileReference; lastKnownFileType = sourcecode.c.h; path = AppDelegate.h; sourceTree = "<group>"; };
		2AA41BE91C57462F00B1BF69 /* AppDelegate.m */ = {isa = PBXFileReference; lastKnownFileType = sourcecode.c.objc; path = AppDelegate.m; sourceTree = "<group>"; };
		2AA41BEB1C57462F00B1BF69 /* ViewController.h */ = {isa = PBXFileReference; lastKnownFileType = sourcecode.c.h; path = ViewController.h; sourceTree = "<group>"; };
		2AA41BEC1C57462F00B1BF69 /* ViewController.m */ = {isa = PBXFileReference; lastKnownFileType = sourcecode.c.objc; path = ViewController.m; sourceTree = "<group>"; };
		2AA41BEF1C57462F00B1BF69 /* Base */ = {isa = PBXFileReference; lastKnownFileType = file.storyboard; name = Base; path = Base.lproj/Main.storyboard; sourceTree = "<group>"; };
		2AA41BF11C57462F00B1BF69 /* Assets.xcassets */ = {isa = PBXFileReference; lastKnownFileType = folder.assetcatalog; path = Assets.xcassets; sourceTree = "<group>"; };
		2AA41BF41C57462F00B1BF69 /* Base */ = {isa = PBXFileReference; lastKnownFileType = file.storyboard; name = Base; path = Base.lproj/LaunchScreen.storyboard; sourceTree = "<group>"; };
		2AA41BF61C57462F00B1BF69 /* Info.plist */ = {isa = PBXFileReference; lastKnownFileType = text.plist.xml; path = Info.plist; sourceTree = "<group>"; };
		2AA41BFB1C57462F00B1BF69 /* 微信精选.xctest */ = {isa = PBXFileReference; explicitFileType = wrapper.cfbundle; includeInIndex = 0; path = "微信精选.xctest"; sourceTree = BUILT_PRODUCTS_DIR; };
		2AA41BFF1C57462F00B1BF69 /* ____Tests.m */ = {isa = PBXFileReference; lastKnownFileType = sourcecode.c.objc; path = "____Tests.m"; sourceTree = "<group>"; };
		2AA41C011C57462F00B1BF69 /* Info.plist */ = {isa = PBXFileReference; lastKnownFileType = text.plist.xml; path = Info.plist; sourceTree = "<group>"; };
		2AA41C061C57462F00B1BF69 /* 微信精选.xctest */ = {isa = PBXFileReference; explicitFileType = wrapper.cfbundle; includeInIndex = 0; path = "微信精选.xctest"; sourceTree = BUILT_PRODUCTS_DIR; };
		2AA41C0A1C57462F00B1BF69 /* ____UITests.m */ = {isa = PBXFileReference; lastKnownFileType = sourcecode.c.objc; path = "____UITests.m"; sourceTree = "<group>"; };
		2AA41C0C1C57462F00B1BF69 /* Info.plist */ = {isa = PBXFileReference; lastKnownFileType = text.plist.xml; path = Info.plist; sourceTree = "<group>"; };
		2AA41C181C574A3100B1BF69 /* CellDetailViewController.h */ = {isa = PBXFileReference; fileEncoding = 4; lastKnownFileType = sourcecode.c.h; path = CellDetailViewController.h; sourceTree = "<group>"; };
		2AA41C191C574A3100B1BF69 /* CellDetailViewController.m */ = {isa = PBXFileReference; fileEncoding = 4; lastKnownFileType = sourcecode.c.objc; path = CellDetailViewController.m; sourceTree = "<group>"; };
		2AA41C1B1C575C0300B1BF69 /* WebKit.framework */ = {isa = PBXFileReference; lastKnownFileType = wrapper.framework; name = WebKit.framework; path = System/Library/Frameworks/WebKit.framework; sourceTree = SDKROOT; };
		2AA41C1D1C585A1700B1BF69 /* MyTableViewCell.h */ = {isa = PBXFileReference; fileEncoding = 4; lastKnownFileType = sourcecode.c.h; path = MyTableViewCell.h; sourceTree = "<group>"; };
		2AA41C1E1C585A1700B1BF69 /* MyTableViewCell.m */ = {isa = PBXFileReference; fileEncoding = 4; lastKnownFileType = sourcecode.c.objc; path = MyTableViewCell.m; sourceTree = "<group>"; };
		2AA41C241C586EF200B1BF69 /* logo 2.png */ = {isa = PBXFileReference; lastKnownFileType = image.png; path = "logo 2.png"; sourceTree = "<group>"; };
/* End PBXFileReference section */

/* Begin PBXFrameworksBuildPhase section */
		2AA41BDF1C57462F00B1BF69 /* Frameworks */ = {
			isa = PBXFrameworksBuildPhase;
			buildActionMask = 2147483647;
			files = (
				2AA41C1C1C575C0300B1BF69 /* WebKit.framework in Frameworks */,
			);
			runOnlyForDeploymentPostprocessing = 0;
		};
		2AA41BF81C57462F00B1BF69 /* Frameworks */ = {
			isa = PBXFrameworksBuildPhase;
			buildActionMask = 2147483647;
			files = (
			);
			runOnlyForDeploymentPostprocessing = 0;
		};
		2AA41C031C57462F00B1BF69 /* Frameworks */ = {
			isa = PBXFrameworksBuildPhase;
			buildActionMask = 2147483647;
			files = (
			);
			runOnlyForDeploymentPostprocessing = 0;
		};
/* End PBXFrameworksBuildPhase section */

/* Begin PBXGroup section */
		2AA41BD91C57462F00B1BF69 = {
			isa = PBXGroup;
			children = (
				2AA41C241C586EF200B1BF69 /* logo 2.png */,
				2AA41C1B1C575C0300B1BF69 /* WebKit.framework */,
				2AA41BE41C57462F00B1BF69 /* 微信精选 */,
				2AA41BFE1C57462F00B1BF69 /* 微信精选Tests */,
				2AA41C091C57462F00B1BF69 /* 微信精选UITests */,
				2AA41BE31C57462F00B1BF69 /* Products */,
			);
			sourceTree = "<group>";
		};
		2AA41BE31C57462F00B1BF69 /* Products */ = {
			isa = PBXGroup;
			children = (
				2AA41BE21C57462F00B1BF69 /* 微信精选.app */,
				2AA41BFB1C57462F00B1BF69 /* 微信精选.xctest */,
				2AA41C061C57462F00B1BF69 /* 微信精选.xctest */,
			);
			name = Products;
			sourceTree = "<group>";
		};
		2AA41BE41C57462F00B1BF69 /* 微信精选 */ = {
			isa = PBXGroup;
			children = (
				2AA41C221C585A6100B1BF69 /* 主视图控制器 */,
				2AA41C211C585A4300B1BF69 /* 子菜单视图控制器 */,
				2AA41C201C585A1F00B1BF69 /* 自定义Cell */,
				2AA41C231C585A8700B1BF69 /* 资源 */,
				2AA41BE51C57462F00B1BF69 /* Supporting Files */,
			);
			path = "微信精选";
			sourceTree = "<group>";
		};
		2AA41BE51C57462F00B1BF69 /* Supporting Files */ = {
			isa = PBXGroup;
			children = (
				2AA41BE81C57462F00B1BF69 /* AppDelegate.h */,
				2AA41BE91C57462F00B1BF69 /* AppDelegate.m */,
				2AA41BE61C57462F00B1BF69 /* main.m */,
			);
			name = "Supporting Files";
			sourceTree = "<group>";
		};
		2AA41BFE1C57462F00B1BF69 /* 微信精选Tests */ = {
			isa = PBXGroup;
			children = (
				2AA41BFF1C57462F00B1BF69 /* ____Tests.m */,
				2AA41C011C57462F00B1BF69 /* Info.plist */,
			);
			path = "微信精选Tests";
			sourceTree = "<group>";
		};
		2AA41C091C57462F00B1BF69 /* 微信精选UITests */ = {
			isa = PBXGroup;
			children = (
				2AA41C0A1C57462F00B1BF69 /* ____UITests.m */,
				2AA41C0C1C57462F00B1BF69 /* Info.plist */,
			);
			path = "微信精选UITests";
			sourceTree = "<group>";
		};
		2AA41C201C585A1F00B1BF69 /* 自定义Cell */ = {
			isa = PBXGroup;
			children = (
				2AA41C1D1C585A1700B1BF69 /* MyTableViewCell.h */,
				2AA41C1E1C585A1700B1BF69 /* MyTableViewCell.m */,
			);
			name = "自定义Cell";
			sourceTree = "<group>";
		};
		2AA41C211C585A4300B1BF69 /* 子菜单视图控制器 */ = {
			isa = PBXGroup;
			children = (
				2AA41C181C574A3100B1BF69 /* CellDetailViewController.h */,
				2AA41C191C574A3100B1BF69 /* CellDetailViewController.m */,
			);
			name = "子菜单视图控制器";
			sourceTree = "<group>";
		};
		2AA41C221C585A6100B1BF69 /* 主视图控制器 */ = {
			isa = PBXGroup;
			children = (
				2AA41BEB1C57462F00B1BF69 /* ViewController.h */,
				2AA41BEC1C57462F00B1BF69 /* ViewController.m */,
			);
			name = "主视图控制器";
			sourceTree = "<group>";
		};
		2AA41C231C585A8700B1BF69 /* 资源 */ = {
			isa = PBXGroup;
			children = (
				2AA41BEE1C57462F00B1BF69 /* Main.storyboard */,
				2AA41BF11C57462F00B1BF69 /* Assets.xcassets */,
				2AA41BF31C57462F00B1BF69 /* LaunchScreen.storyboard */,
				2AA41BF61C57462F00B1BF69 /* Info.plist */,
			);
			name = "资源";
			sourceTree = "<group>";
		};
/* End PBXGroup section */

/* Begin PBXNativeTarget section */
		2AA41BE11C57462F00B1BF69 /* 微信精选 */ = {
			isa = PBXNativeTarget;
			buildConfigurationList = 2AA41C0F1C57462F00B1BF69 /* Build configuration list for PBXNativeTarget "微信精选" */;
			buildPhases = (
				2AA41BDE1C57462F00B1BF69 /* Sources */,
				2AA41BDF1C57462F00B1BF69 /* Frameworks */,
				2AA41BE01C57462F00B1BF69 /* Resources */,
			);
			buildRules = (
			);
			dependencies = (
			);
			name = "微信精选";
			productName = "微信精选";
			productReference = 2AA41BE21C57462F00B1BF69 /* 微信精选.app */;
			productType = "com.apple.product-type.application";
		};
		2AA41BFA1C57462F00B1BF69 /* 微信精选Tests */ = {
			isa = PBXNativeTarget;
			buildConfigurationList = 2AA41C121C57462F00B1BF69 /* Build configuration list for PBXNativeTarget "微信精选Tests" */;
			buildPhases = (
				2AA41BF71C57462F00B1BF69 /* Sources */,
				2AA41BF81C57462F00B1BF69 /* Frameworks */,
				2AA41BF91C57462F00B1BF69 /* Resources */,
			);
			buildRules = (
			);
			dependencies = (
				2AA41BFD1C57462F00B1BF69 /* PBXTargetDependency */,
			);
			name = "微信精选Tests";
			productName = "微信精选Tests";
			productReference = 2AA41BFB1C57462F00B1BF69 /* 微信精选.xctest */;
			productType = "com.apple.product-type.bundle.unit-test";
		};
		2AA41C051C57462F00B1BF69 /* 微信精选UITests */ = {
			isa = PBXNativeTarget;
			buildConfigurationList = 2AA41C151C57462F00B1BF69 /* Build configuration list for PBXNativeTarget "微信精选UITests" */;
			buildPhases = (
				2AA41C021C57462F00B1BF69 /* Sources */,
				2AA41C031C57462F00B1BF69 /* Frameworks */,
				2AA41C041C57462F00B1BF69 /* Resources */,
			);
			buildRules = (
			);
			dependencies = (
				2AA41C081C57462F00B1BF69 /* PBXTargetDependency */,
			);
			name = "微信精选UITests";
			productName = "微信精选UITests";
			productReference = 2AA41C061C57462F00B1BF69 /* 微信精选.xctest */;
			productType = "com.apple.product-type.bundle.ui-testing";
		};
/* End PBXNativeTarget section */

/* Begin PBXProject section */
		2AA41BDA1C57462F00B1BF69 /* Project object */ = {
			isa = PBXProject;
			attributes = {
				LastUpgradeCheck = 0720;
				ORGANIZATIONNAME = "K.K Studio";
				TargetAttributes = {
					2AA41BE11C57462F00B1BF69 = {
						CreatedOnToolsVersion = 7.2;
						DevelopmentTeam = GD5B8K7TJ4;
					};
					2AA41BFA1C57462F00B1BF69 = {
						CreatedOnToolsVersion = 7.2;
						TestTargetID = 2AA41BE11C57462F00B1BF69;
					};
					2AA41C051C57462F00B1BF69 = {
						CreatedOnToolsVersion = 7.2;
						TestTargetID = 2AA41BE11C57462F00B1BF69;
					};
				};
			};
			buildConfigurationList = 2AA41BDD1C57462F00B1BF69 /* Build configuration list for PBXProject "微信精选" */;
			compatibilityVersion = "Xcode 3.2";
			developmentRegion = English;
			hasScannedForEncodings = 0;
			knownRegions = (
				en,
				Base,
			);
			mainGroup = 2AA41BD91C57462F00B1BF69;
			productRefGroup = 2AA41BE31C57462F00B1BF69 /* Products */;
			projectDirPath = "";
			projectRoot = "";
			targets = (
				2AA41BE11C57462F00B1BF69 /* 微信精选 */,
				2AA41BFA1C57462F00B1BF69 /* 微信精选Tests */,
				2AA41C051C57462F00B1BF69 /* 微信精选UITests */,
			);
		};
/* End PBXProject section */

/* Begin PBXResourcesBuildPhase section */
		2AA41BE01C57462F00B1BF69 /* Resources */ = {
			isa = PBXResourcesBuildPhase;
			buildActionMask = 2147483647;
			files = (
				2AA41C251C586EF200B1BF69 /* logo 2.png in Resources */,
				2AA41BF51C57462F00B1BF69 /* LaunchScreen.storyboard in Resources */,
				2AA41BF21C57462F00B1BF69 /* Assets.xcassets in Resources */,
				2AA41BF01C57462F00B1BF69 /* Main.storyboard in Resources */,
			);
			runOnlyForDeploymentPostprocessing = 0;
		};
		2AA41BF91C57462F00B1BF69 /* Resources */ = {
			isa = PBXResourcesBuildPhase;
			buildActionMask = 2147483647;
			files = (
			);
			runOnlyForDeploymentPostprocessing = 0;
		};
		2AA41C041C57462F00B1BF69 /* Resources */ = {
			isa = PBXResourcesBuildPhase;
			buildActionMask = 2147483647;
			files = (
			);
			runOnlyForDeploymentPostprocessing = 0;
		};
/* End PBXResourcesBuildPhase section */

/* Begin PBXSourcesBuildPhase section */
		2AA41BDE1C57462F00B1BF69 /* Sources */ = {
			isa = PBXSourcesBuildPhase;
			buildActionMask = 2147483647;
			files = (
				2AA41BED1C57462F00B1BF69 /* ViewController.m in Sources */,
				2AA41BEA1C57462F00B1BF69 /* AppDelegate.m in Sources */,
				2AA41BE71C57462F00B1BF69 /* main.m in Sources */,
				2AA41C1A1C574A3100B1BF69 /* CellDetailViewController.m in Sources */,
				2AA41C1F1C585A1700B1BF69 /* MyTableViewCell.m in Sources */,
			);
			runOnlyForDeploymentPostprocessing = 0;
		};
		2AA41BF71C57462F00B1BF69 /* Sources */ = {
			isa = PBXSourcesBuildPhase;
			buildActionMask = 2147483647;
			files = (
				2AA41C001C57462F00B1BF69 /* ____Tests.m in Sources */,
			);
			runOnlyForDeploymentPostprocessing = 0;
		};
		2AA41C021C57462F00B1BF69 /* Sources */ = {
			isa = PBXSourcesBuildPhase;
			buildActionMask = 2147483647;
			files = (
				2AA41C0B1C57462F00B1BF69 /* ____UITests.m in Sources */,
			);
			runOnlyForDeploymentPostprocessing = 0;
		};
/* End PBXSourcesBuildPhase section */

/* Begin PBXTargetDependency section */
		2AA41BFD1C57462F00B1BF69 /* PBXTargetDependency */ = {
			isa = PBXTargetDependency;
			target = 2AA41BE11C57462F00B1BF69 /* 微信精选 */;
			targetProxy = 2AA41BFC1C57462F00B1BF69 /* PBXContainerItemProxy */;
		};
		2AA41C081C57462F00B1BF69 /* PBXTargetDependency */ = {
			isa = PBXTargetDependency;
			target = 2AA41BE11C57462F00B1BF69 /* 微信精选 */;
			targetProxy = 2AA41C071C57462F00B1BF69 /* PBXContainerItemProxy */;
		};
/* End PBXTargetDependency section */

/* Begin PBXVariantGroup section */
		2AA41BEE1C57462F00B1BF69 /* Main.storyboard */ = {
			isa = PBXVariantGroup;
			children = (
				2AA41BEF1C57462F00B1BF69 /* Base */,
			);
			name = Main.storyboard;
			sourceTree = "<group>";
		};
		2AA41BF31C57462F00B1BF69 /* LaunchScreen.storyboard */ = {
			isa = PBXVariantGroup;
			children = (
				2AA41BF41C57462F00B1BF69 /* Base */,
			);
			name = LaunchScreen.storyboard;
			sourceTree = "<group>";
		};
/* End PBXVariantGroup section */

/* Begin XCBuildConfiguration section */
		2AA41C0D1C57462F00B1BF69 /* Debug */ = {
			isa = XCBuildConfiguration;
			buildSettings = {
				ALWAYS_SEARCH_USER_PATHS = NO;
				CLANG_CXX_LANGUAGE_STANDARD = "gnu++0x";
				CLANG_CXX_LIBRARY = "libc++";
				CLANG_ENABLE_MODULES = YES;
				CLANG_ENABLE_OBJC_ARC = YES;
				CLANG_WARN_BOOL_CONVERSION = YES;
				CLANG_WARN_CONSTANT_CONVERSION = YES;
				CLANG_WARN_DIRECT_OBJC_ISA_USAGE = YES_ERROR;
				CLANG_WARN_EMPTY_BODY = YES;
				CLANG_WARN_ENUM_CONVERSION = YES;
				CLANG_WARN_INT_CONVERSION = YES;
				CLANG_WARN_OBJC_ROOT_CLASS = YES_ERROR;
				CLANG_WARN_UNREACHABLE_CODE = YES;
				CLANG_WARN__DUPLICATE_METHOD_MATCH = YES;
				CODE_SIGN_IDENTITY = "iPhone Distribution";
				"CODE_SIGN_IDENTITY[sdk=iphoneos*]" = "iPhone Distribution";
				COPY_PHASE_STRIP = NO;
				DEBUG_INFORMATION_FORMAT = dwarf;
				ENABLE_STRICT_OBJC_MSGSEND = YES;
				ENABLE_TESTABILITY = YES;
				GCC_C_LANGUAGE_STANDARD = gnu99;
				GCC_DYNAMIC_NO_PIC = NO;
				GCC_NO_COMMON_BLOCKS = YES;
				GCC_OPTIMIZATION_LEVEL = 0;
				GCC_PREPROCESSOR_DEFINITIONS = (
					"DEBUG=1",
					"$(inherited)",
				);
				GCC_WARN_64_TO_32_BIT_CONVERSION = YES;
				GCC_WARN_ABOUT_RETURN_TYPE = YES_ERROR;
				GCC_WARN_UNDECLARED_SELECTOR = YES;
				GCC_WARN_UNINITIALIZED_AUTOS = YES_AGGRESSIVE;
				GCC_WARN_UNUSED_FUNCTION = YES;
				GCC_WARN_UNUSED_VARIABLE = YES;
				IPHONEOS_DEPLOYMENT_TARGET = 9.2;
				MTL_ENABLE_DEBUG_INFO = YES;
				ONLY_ACTIVE_ARCH = YES;
				PROVISIONING_PROFILE = "";
				SDKROOT = iphoneos;
				TARGETED_DEVICE_FAMILY = "1,2";
			};
			name = Debug;
		};
		2AA41C0E1C57462F00B1BF69 /* Release */ = {
			isa = XCBuildConfiguration;
			buildSettings = {
				ALWAYS_SEARCH_USER_PATHS = NO;
				CLANG_CXX_LANGUAGE_STANDARD = "gnu++0x";
				CLANG_CXX_LIBRARY = "libc++";
				CLANG_ENABLE_MODULES = YES;
				CLANG_ENABLE_OBJC_ARC = YES;
				CLANG_WARN_BOOL_CONVERSION = YES;
				CLANG_WARN_CONSTANT_CONVERSION = YES;
				CLANG_WARN_DIRECT_OBJC_ISA_USAGE = YES_ERROR;
				CLANG_WARN_EMPTY_BODY = YES;
				CLANG_WARN_ENUM_CONVERSION = YES;
				CLANG_WARN_INT_CONVERSION = YES;
				CLANG_WARN_OBJC_ROOT_CLASS = YES_ERROR;
				CLANG_WARN_UNREACHABLE_CODE = YES;
				CLANG_WARN__DUPLICATE_METHOD_MATCH = YES;
				CODE_SIGN_IDENTITY = "iPhone Distribution";
				"CODE_SIGN_IDENTITY[sdk=iphoneos*]" = "iPhone Distribution";
				COPY_PHASE_STRIP = NO;
				DEBUG_INFORMATION_FORMAT = "dwarf-with-dsym";
				ENABLE_NS_ASSERTIONS = NO;
				ENABLE_STRICT_OBJC_MSGSEND = YES;
				GCC_C_LANGUAGE_STANDARD = gnu99;
				GCC_NO_COMMON_BLOCKS = YES;
				GCC_WARN_64_TO_32_BIT_CONVERSION = YES;
				GCC_WARN_ABOUT_RETURN_TYPE = YES_ERROR;
				GCC_WARN_UNDECLARED_SELECTOR = YES;
				GCC_WARN_UNINITIALIZED_AUTOS = YES_AGGRESSIVE;
				GCC_WARN_UNUSED_FUNCTION = YES;
				GCC_WARN_UNUSED_VARIABLE = YES;
				IPHONEOS_DEPLOYMENT_TARGET = 9.2;
				MTL_ENABLE_DEBUG_INFO = NO;
				PROVISIONING_PROFILE = "";
				SDKROOT = iphoneos;
				TARGETED_DEVICE_FAMILY = "1,2";
				VALIDATE_PRODUCT = YES;
			};
			name = Release;
		};
		2AA41C101C57462F00B1BF69 /* Debug */ = {
			isa = XCBuildConfiguration;
			buildSettings = {
				ASSETCATALOG_COMPILER_APPICON_NAME = AppIcon;
				CODE_SIGN_IDENTITY = "iPhone Developer";
				"CODE_SIGN_IDENTITY[sdk=iphoneos*]" = "iPhone Developer";
				INFOPLIST_FILE = "微信精选/Info.plist";
				LD_RUNPATH_SEARCH_PATHS = "$(inherited) @executable_path/Frameworks";
				PRODUCT_BUNDLE_IDENTIFIER = WeChatChosen;
				PRODUCT_NAME = "微信精选";
				PROVISIONING_PROFILE = "";
				TARGETED_DEVICE_FAMILY = 1;
			};
			name = Debug;
		};
		2AA41C111C57462F00B1BF69 /* Release */ = {
			isa = XCBuildConfiguration;
			buildSettings = {
				ASSETCATALOG_COMPILER_APPICON_NAME = AppIcon;
				CODE_SIGN_IDENTITY = "iPhone Developer";
				"CODE_SIGN_IDENTITY[sdk=iphoneos*]" = "iPhone Developer";
				INFOPLIST_FILE = "微信精选/Info.plist";
				LD_RUNPATH_SEARCH_PATHS = "$(inherited) @executable_path/Frameworks";
				PRODUCT_BUNDLE_IDENTIFIER = WeChatChosen;
				PRODUCT_NAME = "微信精选";
				PROVISIONING_PROFILE = "";
				TARGETED_DEVICE_FAMILY = 1;
			};
			name = Release;
		};
		2AA41C131C57462F00B1BF69 /* Debug */ = {
			isa = XCBuildConfiguration;
			buildSettings = {
				BUNDLE_LOADER = "$(TEST_HOST)";
				INFOPLIST_FILE = "微信精选Tests/Info.plist";
				LD_RUNPATH_SEARCH_PATHS = "$(inherited) @executable_path/Frameworks @loader_path/Frameworks";
				PRODUCT_BUNDLE_IDENTIFIER = "kai.----Tests";
				PRODUCT_NAME = "微信精选";
				TEST_HOST = "$(BUILT_PRODUCTS_DIR)/微信精选.app/微信精选";
			};
			name = Debug;
		};
		2AA41C141C57462F00B1BF69 /* Release */ = {
			isa = XCBuildConfiguration;
			buildSettings = {
				BUNDLE_LOADER = "$(TEST_HOST)";
				INFOPLIST_FILE = "微信精选Tests/Info.plist";
				LD_RUNPATH_SEARCH_PATHS = "$(inherited) @executable_path/Frameworks @loader_path/Frameworks";
				PRODUCT_BUNDLE_IDENTIFIER = "kai.----Tests";
				PRODUCT_NAME = "微信精选";
				TEST_HOST = "$(BUILT_PRODUCTS_DIR)/微信精选.app/微信精选";
			};
			name = Release;
		};
		2AA41C161C57462F00B1BF69 /* Debug */ = {
			isa = XCBuildConfiguration;
			buildSettings = {
				INFOPLIST_FILE = "微信精选UITests/Info.plist";
				LD_RUNPATH_SEARCH_PATHS = "$(inherited) @executable_path/Frameworks @loader_path/Frameworks";
				PRODUCT_BUNDLE_IDENTIFIER = "kai.----UITests";
				PRODUCT_NAME = "微信精选";
				TEST_TARGET_NAME = "微信精选";
				USES_XCTRUNNER = YES;
			};
			name = Debug;
		};
		2AA41C171C57462F00B1BF69 /* Release */ = {
			isa = XCBuildConfiguration;
			buildSettings = {
				INFOPLIST_FILE = "微信精选UITests/Info.plist";
				LD_RUNPATH_SEARCH_PATHS = "$(inherited) @executable_path/Frameworks @loader_path/Frameworks";
				PRODUCT_BUNDLE_IDENTIFIER = "kai.----UITests";
				PRODUCT_NAME = "微信精选";
				TEST_TARGET_NAME = "微信精选";
				USES_XCTRUNNER = YES;
			};
			name = Release;
		};
/* End XCBuildConfiguration section */

/* Begin XCConfigurationList section */
		2AA41BDD1C57462F00B1BF69 /* Build configuration list for PBXProject "微信精选" */ = {
			isa = XCConfigurationList;
			buildConfigurations = (
				2AA41C0D1C57462F00B1BF69 /* Debug */,
				2AA41C0E1C57462F00B1BF69 /* Release */,
			);
			defaultConfigurationIsVisible = 0;
			defaultConfigurationName = Release;
		};
		2AA41C0F1C57462F00B1BF69 /* Build configuration list for PBXNativeTarget "微信精选" */ = {
			isa = XCConfigurationList;
			buildConfigurations = (
				2AA41C101C57462F00B1BF69 /* Debug */,
				2AA41C111C57462F00B1BF69 /* Release */,
			);
			defaultConfigurationIsVisible = 0;
			defaultConfigurationName = Release;
		};
		2AA41C121C57462F00B1BF69 /* Build configuration list for PBXNativeTarget "微信精选Tests" */ = {
			isa = XCConfigurationList;
			buildConfigurations = (
				2AA41C131C57462F00B1BF69 /* Debug */,
				2AA41C141C57462F00B1BF69 /* Release */,
			);
			defaultConfigurationIsVisible = 0;
			defaultConfigurationName = Release;
		};
		2AA41C151C57462F00B1BF69 /* Build configuration list for PBXNativeTarget "微信精选UITests" */ = {
			isa = XCConfigurationList;
			buildConfigurations = (
				2AA41C161C57462F00B1BF69 /* Debug */,
				2AA41C171C57462F00B1BF69 /* Release */,
			);
			defaultConfigurationIsVisible = 0;
			defaultConfigurationName = Release;
		};
/* End XCConfigurationList section */
	};
	rootObject = 2AA41BDA1C57462F00B1BF69 /* Project object */;
}
